
Microsoft Visual Studio Solution File, Format Version 12.00
# Visual Studio 15
VisualStudioVersion = 15.0.26124.0
MinimumVisualStudioVersion = 15.0.26124.0
Project("{2150E333-8FDC-42A3-9474-1A3956D46DE8}") = "src", "src", "{7B0E4216-F8C0-41F4-9D75-526537DBA653}"
EndProject
Project("{FAE04EC0-301F-11D3-BF4B-00C04F79EFBC}") = "AM.Condo", "src\AM.Condo\AM.Condo.csproj", "{0399420B-2CE0-48CF-B9B6-F8D83B5B15C9}"
EndProject
Project("{FAE04EC0-301F-11D3-BF4B-00C04F79EFBC}") = "AM.Condo.Abstractions", "src\AM.Condo.Abstractions\AM.Condo.Abstractions.csproj", "{54E1477C-BF55-4069-8191-3DD308AFA752}"
EndProject
Project("{FAE04EC0-301F-11D3-BF4B-00C04F79EFBC}") = "AM.Condo.ChangeLog", "src\AM.Condo.ChangeLog\AM.Condo.ChangeLog.csproj", "{72FF36E6-DC94-4FBF-9A14-207D08543D17}"
EndProject
Project("{FAE04EC0-301F-11D3-BF4B-00C04F79EFBC}") = "AM.Condo.IO", "src\AM.Condo.IO\AM.Condo.IO.csproj", "{B816D637-0983-41E6-B079-786D66AF5122}"
EndProject
Project("{FAE04EC0-301F-11D3-BF4B-00C04F79EFBC}") = "AM.Condo.Xunit", "src\AM.Condo.Xunit\AM.Condo.Xunit.csproj", "{A5DC2DE3-E85F-4495-A6DA-D79097B0ABD5}"
EndProject
Project("{2150E333-8FDC-42A3-9474-1A3956D46DE8}") = "test", "test", "{D90B3685-4DDE-4F3B-B530-3619BE4FC8A4}"
EndProject
Project("{FAE04EC0-301F-11D3-BF4B-00C04F79EFBC}") = "AM.Condo.E2E.Test", "test\AM.Condo.E2E.Test\AM.Condo.E2E.Test.csproj", "{C37CFC2B-B362-4649-A67C-2497C6DFB397}"
EndProject
Project("{FAE04EC0-301F-11D3-BF4B-00C04F79EFBC}") = "AM.Condo.IO.Test", "test\AM.Condo.IO.Test\AM.Condo.IO.Test.csproj", "{05E4F6D8-7BDD-4319-B687-34C1784C61F0}"
EndProject
Project("{FAE04EC0-301F-11D3-BF4B-00C04F79EFBC}") = "AM.Condo.Test", "test\AM.Condo.Test\AM.Condo.Test.csproj", "{4CEC9C64-BA98-4834-B76B-653AE4979DD5}"
EndProject
Global
	GlobalSection(SolutionConfigurationPlatforms) = preSolution
		Debug|Any CPU = Debug|Any CPU
		Debug|x64 = Debug|x64
		Debug|x86 = Debug|x86
		Release|Any CPU = Release|Any CPU
		Release|x64 = Release|x64
		Release|x86 = Release|x86
	EndGlobalSection
	GlobalSection(SolutionProperties) = preSolution
		HideSolutionNode = FALSE
	EndGlobalSection
	GlobalSection(ProjectConfigurationPlatforms) = postSolution
		{0399420B-2CE0-48CF-B9B6-F8D83B5B15C9}.Debug|Any CPU.ActiveCfg = Debug|Any CPU
		{0399420B-2CE0-48CF-B9B6-F8D83B5B15C9}.Debug|Any CPU.Build.0 = Debug|Any CPU
		{0399420B-2CE0-48CF-B9B6-F8D83B5B15C9}.Debug|x64.ActiveCfg = Debug|x64
		{0399420B-2CE0-48CF-B9B6-F8D83B5B15C9}.Debug|x64.Build.0 = Debug|x64
		{0399420B-2CE0-48CF-B9B6-F8D83B5B15C9}.Debug|x86.ActiveCfg = Debug|x86
		{0399420B-2CE0-48CF-B9B6-F8D83B5B15C9}.Debug|x86.Build.0 = Debug|x86
		{0399420B-2CE0-48CF-B9B6-F8D83B5B15C9}.Release|Any CPU.ActiveCfg = Release|Any CPU
		{0399420B-2CE0-48CF-B9B6-F8D83B5B15C9}.Release|Any CPU.Build.0 = Release|Any CPU
		{0399420B-2CE0-48CF-B9B6-F8D83B5B15C9}.Release|x64.ActiveCfg = Release|x64
		{0399420B-2CE0-48CF-B9B6-F8D83B5B15C9}.Release|x64.Build.0 = Release|x64
		{0399420B-2CE0-48CF-B9B6-F8D83B5B15C9}.Release|x86.ActiveCfg = Release|x86
		{0399420B-2CE0-48CF-B9B6-F8D83B5B15C9}.Release|x86.Build.0 = Release|x86
		{54E1477C-BF55-4069-8191-3DD308AFA752}.Debug|Any CPU.ActiveCfg = Debug|Any CPU
		{54E1477C-BF55-4069-8191-3DD308AFA752}.Debug|Any CPU.Build.0 = Debug|Any CPU
		{54E1477C-BF55-4069-8191-3DD308AFA752}.Debug|x64.ActiveCfg = Debug|x64
		{54E1477C-BF55-4069-8191-3DD308AFA752}.Debug|x64.Build.0 = Debug|x64
		{54E1477C-BF55-4069-8191-3DD308AFA752}.Debug|x86.ActiveCfg = Debug|x86
		{54E1477C-BF55-4069-8191-3DD308AFA752}.Debug|x86.Build.0 = Debug|x86
		{54E1477C-BF55-4069-8191-3DD308AFA752}.Release|Any CPU.ActiveCfg = Release|Any CPU
		{54E1477C-BF55-4069-8191-3DD308AFA752}.Release|Any CPU.Build.0 = Release|Any CPU
		{54E1477C-BF55-4069-8191-3DD308AFA752}.Release|x64.ActiveCfg = Release|x64
		{54E1477C-BF55-4069-8191-3DD308AFA752}.Release|x64.Build.0 = Release|x64
		{54E1477C-BF55-4069-8191-3DD308AFA752}.Release|x86.ActiveCfg = Release|x86
		{54E1477C-BF55-4069-8191-3DD308AFA752}.Release|x86.Build.0 = Release|x86
		{72FF36E6-DC94-4FBF-9A14-207D08543D17}.Debug|Any CPU.ActiveCfg = Debug|Any CPU
		{72FF36E6-DC94-4FBF-9A14-207D08543D17}.Debug|Any CPU.Build.0 = Debug|Any CPU
		{72FF36E6-DC94-4FBF-9A14-207D08543D17}.Debug|x64.ActiveCfg = Debug|x64
		{72FF36E6-DC94-4FBF-9A14-207D08543D17}.Debug|x64.Build.0 = Debug|x64
		{72FF36E6-DC94-4FBF-9A14-207D08543D17}.Debug|x86.ActiveCfg = Debug|x86
		{72FF36E6-DC94-4FBF-9A14-207D08543D17}.Debug|x86.Build.0 = Debug|x86
		{72FF36E6-DC94-4FBF-9A14-207D08543D17}.Release|Any CPU.ActiveCfg = Release|Any CPU
		{72FF36E6-DC94-4FBF-9A14-207D08543D17}.Release|Any CPU.Build.0 = Release|Any CPU
		{72FF36E6-DC94-4FBF-9A14-207D08543D17}.Release|x64.ActiveCfg = Release|x64
		{72FF36E6-DC94-4FBF-9A14-207D08543D17}.Release|x64.Build.0 = Release|x64
		{72FF36E6-DC94-4FBF-9A14-207D08543D17}.Release|x86.ActiveCfg = Release|x86
		{72FF36E6-DC94-4FBF-9A14-207D08543D17}.Release|x86.Build.0 = Release|x86
		{B816D637-0983-41E6-B079-786D66AF5122}.Debug|Any CPU.ActiveCfg = Debug|Any CPU
		{B816D637-0983-41E6-B079-786D66AF5122}.Debug|Any CPU.Build.0 = Debug|Any CPU
		{B816D637-0983-41E6-B079-786D66AF5122}.Debug|x64.ActiveCfg = Debug|x64
		{B816D637-0983-41E6-B079-786D66AF5122}.Debug|x64.Build.0 = Debug|x64
		{B816D637-0983-41E6-B079-786D66AF5122}.Debug|x86.ActiveCfg = Debug|x86
		{B816D637-0983-41E6-B079-786D66AF5122}.Debug|x86.Build.0 = Debug|x86
		{B816D637-0983-41E6-B079-786D66AF5122}.Release|Any CPU.ActiveCfg = Release|Any CPU
		{B816D637-0983-41E6-B079-786D66AF5122}.Release|Any CPU.Build.0 = Release|Any CPU
		{B816D637-0983-41E6-B079-786D66AF5122}.Release|x64.ActiveCfg = Release|x64
		{B816D637-0983-41E6-B079-786D66AF5122}.Release|x64.Build.0 = Release|x64
		{B816D637-0983-41E6-B079-786D66AF5122}.Release|x86.ActiveCfg = Release|x86
		{B816D637-0983-41E6-B079-786D66AF5122}.Release|x86.Build.0 = Release|x86
		{A5DC2DE3-E85F-4495-A6DA-D79097B0ABD5}.Debug|Any CPU.ActiveCfg = Debug|Any CPU
		{A5DC2DE3-E85F-4495-A6DA-D79097B0ABD5}.Debug|Any CPU.Build.0 = Debug|Any CPU
		{A5DC2DE3-E85F-4495-A6DA-D79097B0ABD5}.Debug|x64.ActiveCfg = Debug|x64
		{A5DC2DE3-E85F-4495-A6DA-D79097B0ABD5}.Debug|x64.Build.0 = Debug|x64
		{A5DC2DE3-E85F-4495-A6DA-D79097B0ABD5}.Debug|x86.ActiveCfg = Debug|x86
		{A5DC2DE3-E85F-4495-A6DA-D79097B0ABD5}.Debug|x86.Build.0 = Debug|x86
		{A5DC2DE3-E85F-4495-A6DA-D79097B0ABD5}.Release|Any CPU.ActiveCfg = Release|Any CPU
		{A5DC2DE3-E85F-4495-A6DA-D79097B0ABD5}.Release|Any CPU.Build.0 = Release|Any CPU
		{A5DC2DE3-E85F-4495-A6DA-D79097B0ABD5}.Release|x64.ActiveCfg = Release|x64
		{A5DC2DE3-E85F-4495-A6DA-D79097B0ABD5}.Release|x64.Build.0 = Release|x64
		{A5DC2DE3-E85F-4495-A6DA-D79097B0ABD5}.Release|x86.ActiveCfg = Release|x86
		{A5DC2DE3-E85F-4495-A6DA-D79097B0ABD5}.Release|x86.Build.0 = Release|x86
		{C37CFC2B-B362-4649-A67C-2497C6DFB397}.Debug|Any CPU.ActiveCfg = Debug|Any CPU
		{C37CFC2B-B362-4649-A67C-2497C6DFB397}.Debug|Any CPU.Build.0 = Debug|Any CPU
		{C37CFC2B-B362-4649-A67C-2497C6DFB397}.Debug|x64.ActiveCfg = Debug|x64
		{C37CFC2B-B362-4649-A67C-2497C6DFB397}.Debug|x64.Build.0 = Debug|x64
		{C37CFC2B-B362-4649-A67C-2497C6DFB397}.Debug|x86.ActiveCfg = Debug|x86
		{C37CFC2B-B362-4649-A67C-2497C6DFB397}.Debug|x86.Build.0 = Debug|x86
		{C37CFC2B-B362-4649-A67C-2497C6DFB397}.Release|Any CPU.ActiveCfg = Release|Any CPU
		{C37CFC2B-B362-4649-A67C-2497C6DFB397}.Release|Any CPU.Build.0 = Release|Any CPU
		{C37CFC2B-B362-4649-A67C-2497C6DFB397}.Release|x64.ActiveCfg = Release|x64
		{C37CFC2B-B362-4649-A67C-2497C6DFB397}.Release|x64.Build.0 = Release|x64
		{C37CFC2B-B362-4649-A67C-2497C6DFB397}.Release|x86.ActiveCfg = Release|x86
		{C37CFC2B-B362-4649-A67C-2497C6DFB397}.Release|x86.Build.0 = Release|x86
		{05E4F6D8-7BDD-4319-B687-34C1784C61F0}.Debug|Any CPU.ActiveCfg = Debug|Any CPU
		{05E4F6D8-7BDD-4319-B687-34C1784C61F0}.Debug|Any CPU.Build.0 = Debug|Any CPU
		{05E4F6D8-7BDD-4319-B687-34C1784C61F0}.Debug|x64.ActiveCfg = Debug|x64
		{05E4F6D8-7BDD-4319-B687-34C1784C61F0}.Debug|x64.Build.0 = Debug|x64
		{05E4F6D8-7BDD-4319-B687-34C1784C61F0}.Debug|x86.ActiveCfg = Debug|x86
		{05E4F6D8-7BDD-4319-B687-34C1784C61F0}.Debug|x86.Build.0 = Debug|x86
		{05E4F6D8-7BDD-4319-B687-34C1784C61F0}.Release|Any CPU.ActiveCfg = Release|Any CPU
		{05E4F6D8-7BDD-4319-B687-34C1784C61F0}.Release|Any CPU.Build.0 = Release|Any CPU
		{05E4F6D8-7BDD-4319-B687-34C1784C61F0}.Release|x64.ActiveCfg = Release|x64
		{05E4F6D8-7BDD-4319-B687-34C1784C61F0}.Release|x64.Build.0 = Release|x64
		{05E4F6D8-7BDD-4319-B687-34C1784C61F0}.Release|x86.ActiveCfg = Release|x86
		{05E4F6D8-7BDD-4319-B687-34C1784C61F0}.Release|x86.Build.0 = Release|x86
		{4CEC9C64-BA98-4834-B76B-653AE4979DD5}.Debug|Any CPU.ActiveCfg = Debug|Any CPU
		{4CEC9C64-BA98-4834-B76B-653AE4979DD5}.Debug|Any CPU.Build.0 = Debug|Any CPU
		{4CEC9C64-BA98-4834-B76B-653AE4979DD5}.Debug|x64.ActiveCfg = Debug|x64
		{4CEC9C64-BA98-4834-B76B-653AE4979DD5}.Debug|x64.Build.0 = Debug|x64
		{4CEC9C64-BA98-4834-B76B-653AE4979DD5}.Debug|x86.ActiveCfg = Debug|x86
		{4CEC9C64-BA98-4834-B76B-653AE4979DD5}.Debug|x86.Build.0 = Debug|x86
		{4CEC9C64-BA98-4834-B76B-653AE4979DD5}.Release|Any CPU.ActiveCfg = Release|Any CPU
		{4CEC9C64-BA98-4834-B76B-653AE4979DD5}.Release|Any CPU.Build.0 = Release|Any CPU
		{4CEC9C64-BA98-4834-B76B-653AE4979DD5}.Release|x64.ActiveCfg = Release|x64
		{4CEC9C64-BA98-4834-B76B-653AE4979DD5}.Release|x64.Build.0 = Release|x64
		{4CEC9C64-BA98-4834-B76B-653AE4979DD5}.Release|x86.ActiveCfg = Release|x86
		{4CEC9C64-BA98-4834-B76B-653AE4979DD5}.Release|x86.Build.0 = Release|x86
	EndGlobalSection
	GlobalSection(NestedProjects) = preSolution
		{0399420B-2CE0-48CF-B9B6-F8D83B5B15C9} = {7B0E4216-F8C0-41F4-9D75-526537DBA653}
		{54E1477C-BF55-4069-8191-3DD308AFA752} = {7B0E4216-F8C0-41F4-9D75-526537DBA653}
		{72FF36E6-DC94-4FBF-9A14-207D08543D17} = {7B0E4216-F8C0-41F4-9D75-526537DBA653}
		{B816D637-0983-41E6-B079-786D66AF5122} = {7B0E4216-F8C0-41F4-9D75-526537DBA653}
		{A5DC2DE3-E85F-4495-A6DA-D79097B0ABD5} = {7B0E4216-F8C0-41F4-9D75-526537DBA653}
		{C37CFC2B-B362-4649-A67C-2497C6DFB397} = {D90B3685-4DDE-4F3B-B530-3619BE4FC8A4}
		{05E4F6D8-7BDD-4319-B687-34C1784C61F0} = {D90B3685-4DDE-4F3B-B530-3619BE4FC8A4}
		{4CEC9C64-BA98-4834-B76B-653AE4979DD5} = {D90B3685-4DDE-4F3B-B530-3619BE4FC8A4}
	EndGlobalSection
EndGlobal
