Microsoft Visual Studio Solution File, Format Version 12.00
# Visual Studio 15
VisualStudioVersion = 15.0.27004.2009
MinimumVisualStudioVersion = 15.0.26124.0
Project("{2150E333-8FDC-42A3-9474-1A3956D46DE8}") = "src", "src", "{E6A837DE-ECB5-43AA-A5CE-F76C8986BFB2}"
EndProject
Project("{FAE04EC0-301F-11D3-BF4B-00C04F79EFBC}") = "condo", "src\AM.Condo\condo.csproj", "{4DED7F2C-7D78-48CC-B248-8717B24A04DC}"
EndProject
Project("{FAE04EC0-301F-11D3-BF4B-00C04F79EFBC}") = "AM.Condo.Abstractions", "src\AM.Condo.Abstractions\AM.Condo.Abstractions.csproj", "{63A2D08C-3CBD-43FC-A55B-93EF28F9307D}"
EndProject
Project("{FAE04EC0-301F-11D3-BF4B-00C04F79EFBC}") = "AM.Condo.ChangeLog", "src\AM.Condo.ChangeLog\AM.Condo.ChangeLog.csproj", "{0BDE8CE6-56BC-41C9-86E9-2A73A8166CD3}"
EndProject
Project("{FAE04EC0-301F-11D3-BF4B-00C04F79EFBC}") = "AM.Condo.IO", "src\AM.Condo.IO\AM.Condo.IO.csproj", "{04C9EFE9-07A5-460A-BA0C-9200ADE52BB3}"
EndProject
Project("{FAE04EC0-301F-11D3-BF4B-00C04F79EFBC}") = "AM.Condo.Xunit", "src\AM.Condo.Xunit\AM.Condo.Xunit.csproj", "{4EEBCF6E-6A7B-4F42-91E5-139E412E7F4A}"
EndProject
Project("{2150E333-8FDC-42A3-9474-1A3956D46DE8}") = "test", "test", "{B944B347-1F55-476E-9993-8DC23CCEEB96}"
EndProject
Project("{FAE04EC0-301F-11D3-BF4B-00C04F79EFBC}") = "AM.Condo.E2E.Test", "test\AM.Condo.E2E.Test\AM.Condo.E2E.Test.csproj", "{7CE55FAA-AFE7-4BB0-B1A4-DF22C2AFFC1F}"
EndProject
Project("{FAE04EC0-301F-11D3-BF4B-00C04F79EFBC}") = "AM.Condo.IO.Test", "test\AM.Condo.IO.Test\AM.Condo.IO.Test.csproj", "{4B2EFAAF-DC04-4FAB-A9C9-1283187B44E3}"
EndProject
Project("{FAE04EC0-301F-11D3-BF4B-00C04F79EFBC}") = "AM.Condo.LegacyNetCore.Test", "test\AM.Condo.LegacyNetCore.Test\AM.Condo.LegacyNetCore.Test.csproj", "{0862589C-E03A-4DD6-B9CF-76F370226271}"
EndProject
Project("{FAE04EC0-301F-11D3-BF4B-00C04F79EFBC}") = "AM.Condo.MultipleTargets.Test", "test\AM.Condo.MultipleTargets.Test\AM.Condo.MultipleTargets.Test.csproj", "{60DC0609-6DA6-4A65-83BB-0641DDD854B1}"
EndProject
Project("{FAE04EC0-301F-11D3-BF4B-00C04F79EFBC}") = "AM.Condo.Test", "test\AM.Condo.Test\AM.Condo.Test.csproj", "{E1DE10D1-AE6A-404A-BD66-9348C8057963}"
EndProject
Global
	GlobalSection(SolutionConfigurationPlatforms) = preSolution
		Debug|Any CPU = Debug|Any CPU
		Release|Any CPU = Release|Any CPU
	EndGlobalSection
	GlobalSection(ProjectConfigurationPlatforms) = postSolution
		{4DED7F2C-7D78-48CC-B248-8717B24A04DC}.Debug|Any CPU.ActiveCfg = Debug|Any CPU
		{4DED7F2C-7D78-48CC-B248-8717B24A04DC}.Debug|Any CPU.Build.0 = Debug|Any CPU
		{4DED7F2C-7D78-48CC-B248-8717B24A04DC}.Release|Any CPU.ActiveCfg = Release|Any CPU
		{4DED7F2C-7D78-48CC-B248-8717B24A04DC}.Release|Any CPU.Build.0 = Release|Any CPU
		{63A2D08C-3CBD-43FC-A55B-93EF28F9307D}.Debug|Any CPU.ActiveCfg = Debug|Any CPU
		{63A2D08C-3CBD-43FC-A55B-93EF28F9307D}.Debug|Any CPU.Build.0 = Debug|Any CPU
		{63A2D08C-3CBD-43FC-A55B-93EF28F9307D}.Release|Any CPU.ActiveCfg = Release|Any CPU
		{63A2D08C-3CBD-43FC-A55B-93EF28F9307D}.Release|Any CPU.Build.0 = Release|Any CPU
		{0BDE8CE6-56BC-41C9-86E9-2A73A8166CD3}.Debug|Any CPU.ActiveCfg = Debug|Any CPU
		{0BDE8CE6-56BC-41C9-86E9-2A73A8166CD3}.Debug|Any CPU.Build.0 = Debug|Any CPU
		{0BDE8CE6-56BC-41C9-86E9-2A73A8166CD3}.Release|Any CPU.ActiveCfg = Release|Any CPU
		{0BDE8CE6-56BC-41C9-86E9-2A73A8166CD3}.Release|Any CPU.Build.0 = Release|Any CPU
		{04C9EFE9-07A5-460A-BA0C-9200ADE52BB3}.Debug|Any CPU.ActiveCfg = Debug|Any CPU
		{04C9EFE9-07A5-460A-BA0C-9200ADE52BB3}.Debug|Any CPU.Build.0 = Debug|Any CPU
		{04C9EFE9-07A5-460A-BA0C-9200ADE52BB3}.Release|Any CPU.ActiveCfg = Release|Any CPU
		{04C9EFE9-07A5-460A-BA0C-9200ADE52BB3}.Release|Any CPU.Build.0 = Release|Any CPU
		{4EEBCF6E-6A7B-4F42-91E5-139E412E7F4A}.Debug|Any CPU.ActiveCfg = Debug|Any CPU
		{4EEBCF6E-6A7B-4F42-91E5-139E412E7F4A}.Debug|Any CPU.Build.0 = Debug|Any CPU
		{4EEBCF6E-6A7B-4F42-91E5-139E412E7F4A}.Release|Any CPU.ActiveCfg = Release|Any CPU
		{4EEBCF6E-6A7B-4F42-91E5-139E412E7F4A}.Release|Any CPU.Build.0 = Release|Any CPU
		{7CE55FAA-AFE7-4BB0-B1A4-DF22C2AFFC1F}.Debug|Any CPU.ActiveCfg = Debug|Any CPU
		{7CE55FAA-AFE7-4BB0-B1A4-DF22C2AFFC1F}.Debug|Any CPU.Build.0 = Debug|Any CPU
		{7CE55FAA-AFE7-4BB0-B1A4-DF22C2AFFC1F}.Release|Any CPU.ActiveCfg = Release|Any CPU
		{7CE55FAA-AFE7-4BB0-B1A4-DF22C2AFFC1F}.Release|Any CPU.Build.0 = Release|Any CPU
		{4B2EFAAF-DC04-4FAB-A9C9-1283187B44E3}.Debug|Any CPU.ActiveCfg = Debug|Any CPU
		{4B2EFAAF-DC04-4FAB-A9C9-1283187B44E3}.Debug|Any CPU.Build.0 = Debug|Any CPU
		{4B2EFAAF-DC04-4FAB-A9C9-1283187B44E3}.Release|Any CPU.ActiveCfg = Release|Any CPU
		{4B2EFAAF-DC04-4FAB-A9C9-1283187B44E3}.Release|Any CPU.Build.0 = Release|Any CPU
		{0862589C-E03A-4DD6-B9CF-76F370226271}.Debug|Any CPU.ActiveCfg = Debug|Any CPU
		{0862589C-E03A-4DD6-B9CF-76F370226271}.Debug|Any CPU.Build.0 = Debug|Any CPU
		{0862589C-E03A-4DD6-B9CF-76F370226271}.Release|Any CPU.ActiveCfg = Release|Any CPU
		{0862589C-E03A-4DD6-B9CF-76F370226271}.Release|Any CPU.Build.0 = Release|Any CPU
		{60DC0609-6DA6-4A65-83BB-0641DDD854B1}.Debug|Any CPU.ActiveCfg = Debug|Any CPU
		{60DC0609-6DA6-4A65-83BB-0641DDD854B1}.Debug|Any CPU.Build.0 = Debug|Any CPU
		{60DC0609-6DA6-4A65-83BB-0641DDD854B1}.Release|Any CPU.ActiveCfg = Release|Any CPU
		{60DC0609-6DA6-4A65-83BB-0641DDD854B1}.Release|Any CPU.Build.0 = Release|Any CPU
		{E1DE10D1-AE6A-404A-BD66-9348C8057963}.Debug|Any CPU.ActiveCfg = Debug|Any CPU
		{E1DE10D1-AE6A-404A-BD66-9348C8057963}.Debug|Any CPU.Build.0 = Debug|Any CPU
		{E1DE10D1-AE6A-404A-BD66-9348C8057963}.Release|Any CPU.ActiveCfg = Release|Any CPU
		{E1DE10D1-AE6A-404A-BD66-9348C8057963}.Release|Any CPU.Build.0 = Release|Any CPU
	EndGlobalSection
	GlobalSection(SolutionProperties) = preSolution
		HideSolutionNode = FALSE
	EndGlobalSection
	GlobalSection(NestedProjects) = preSolution
		{4DED7F2C-7D78-48CC-B248-8717B24A04DC} = {E6A837DE-ECB5-43AA-A5CE-F76C8986BFB2}
		{63A2D08C-3CBD-43FC-A55B-93EF28F9307D} = {E6A837DE-ECB5-43AA-A5CE-F76C8986BFB2}
		{0BDE8CE6-56BC-41C9-86E9-2A73A8166CD3} = {E6A837DE-ECB5-43AA-A5CE-F76C8986BFB2}
		{04C9EFE9-07A5-460A-BA0C-9200ADE52BB3} = {E6A837DE-ECB5-43AA-A5CE-F76C8986BFB2}
		{4EEBCF6E-6A7B-4F42-91E5-139E412E7F4A} = {E6A837DE-ECB5-43AA-A5CE-F76C8986BFB2}
		{7CE55FAA-AFE7-4BB0-B1A4-DF22C2AFFC1F} = {B944B347-1F55-476E-9993-8DC23CCEEB96}
		{4B2EFAAF-DC04-4FAB-A9C9-1283187B44E3} = {B944B347-1F55-476E-9993-8DC23CCEEB96}
		{0862589C-E03A-4DD6-B9CF-76F370226271} = {B944B347-1F55-476E-9993-8DC23CCEEB96}
		{60DC0609-6DA6-4A65-83BB-0641DDD854B1} = {B944B347-1F55-476E-9993-8DC23CCEEB96}
		{E1DE10D1-AE6A-404A-BD66-9348C8057963} = {B944B347-1F55-476E-9993-8DC23CCEEB96}
	EndGlobalSection
	GlobalSection(ExtensibilityGlobals) = postSolution
		SolutionGuid = {8A957DA3-95F3-429F-B506-8C0DDABED883}
	EndGlobalSection
EndGlobal
