
Microsoft Visual Studio Solution File, Format Version 12.00
# Visual Studio 15
VisualStudioVersion = 15.0.26124.0
MinimumVisualStudioVersion = 15.0.26124.0
Project("{2150E333-8FDC-42A3-9474-1A3956D46DE8}") = "src", "src", "{815AA376-59E6-4440-868B-22143991B2ED}"
EndProject
Project("{13B669BE-BB05-4DDF-9536-439F39A36129}") = "AM.Condo", "src\AM.Condo\AM.Condo.csproj", "{7DB9120F-FB7F-4978-8E68-C0FD24453EEC}"
EndProject
Project("{13B669BE-BB05-4DDF-9536-439F39A36129}") = "AM.Condo.Abstractions", "src\AM.Condo.Abstractions\AM.Condo.Abstractions.csproj", "{3A5D130F-F686-4F61-A918-0BA20A9E08CF}"
EndProject
Project("{13B669BE-BB05-4DDF-9536-439F39A36129}") = "AM.Condo.ChangeLog", "src\AM.Condo.ChangeLog\AM.Condo.ChangeLog.csproj", "{9C7102A3-496A-4E27-B337-285FEF0FC1BC}"
EndProject
Project("{13B669BE-BB05-4DDF-9536-439F39A36129}") = "AM.Condo.IO", "src\AM.Condo.IO\AM.Condo.IO.csproj", "{4137C85C-F3D0-4B53-BDF3-2B884B8881CF}"
EndProject
Project("{13B669BE-BB05-4DDF-9536-439F39A36129}") = "AM.Condo.Xunit", "src\AM.Condo.Xunit\AM.Condo.Xunit.csproj", "{1A3D8008-4C8B-423D-8103-DA4B663AE93E}"
EndProject
Project("{2150E333-8FDC-42A3-9474-1A3956D46DE8}") = "test", "test", "{28A3A8AB-C408-4E45-94C1-73F96DA615DA}"
EndProject
Project("{13B669BE-BB05-4DDF-9536-439F39A36129}") = "AM.Condo.E2E.Test", "test\AM.Condo.E2E.Test\AM.Condo.E2E.Test.csproj", "{386D06DD-94E0-4C60-9004-89E31D502447}"
EndProject
Project("{13B669BE-BB05-4DDF-9536-439F39A36129}") = "AM.Condo.IO.Test", "test\AM.Condo.IO.Test\AM.Condo.IO.Test.csproj", "{2EB490B5-1A88-47AC-875E-04075DADC72B}"
EndProject
Project("{13B669BE-BB05-4DDF-9536-439F39A36129}") = "AM.Condo.Test", "test\AM.Condo.Test\AM.Condo.Test.csproj", "{12276277-713A-41EC-858F-EC269876BA3B}"
EndProject
Project("{13B669BE-BB05-4DDF-9536-439F39A36129}") = "AM.Condo.Xunit.Test", "test\AM.Condo.Xunit.Test\AM.Condo.Xunit.Test.csproj", "{1FDEDCD7-219E-4D50-B7DE-E5659A287DFC}"
EndProject
Global
	GlobalSection(SolutionConfigurationPlatforms) = preSolution
		Debug|Any CPU = Debug|Any CPU
		Debug|x64 = Debug|x64
		Debug|x86 = Debug|x86
		Release|Any CPU = Release|Any CPU
		Release|x64 = Release|x64
		Release|x86 = Release|x86
	EndGlobalSection
	GlobalSection(SolutionProperties) = preSolution
		HideSolutionNode = FALSE
	EndGlobalSection
	GlobalSection(ProjectConfigurationPlatforms) = postSolution
		{7DB9120F-FB7F-4978-8E68-C0FD24453EEC}.Debug|Any CPU.ActiveCfg = Debug|Any CPU
		{7DB9120F-FB7F-4978-8E68-C0FD24453EEC}.Debug|Any CPU.Build.0 = Debug|Any CPU
		{7DB9120F-FB7F-4978-8E68-C0FD24453EEC}.Debug|x64.ActiveCfg = Debug|x64
		{7DB9120F-FB7F-4978-8E68-C0FD24453EEC}.Debug|x64.Build.0 = Debug|x64
		{7DB9120F-FB7F-4978-8E68-C0FD24453EEC}.Debug|x86.ActiveCfg = Debug|x86
		{7DB9120F-FB7F-4978-8E68-C0FD24453EEC}.Debug|x86.Build.0 = Debug|x86
		{7DB9120F-FB7F-4978-8E68-C0FD24453EEC}.Release|Any CPU.ActiveCfg = Release|Any CPU
		{7DB9120F-FB7F-4978-8E68-C0FD24453EEC}.Release|Any CPU.Build.0 = Release|Any CPU
		{7DB9120F-FB7F-4978-8E68-C0FD24453EEC}.Release|x64.ActiveCfg = Release|x64
		{7DB9120F-FB7F-4978-8E68-C0FD24453EEC}.Release|x64.Build.0 = Release|x64
		{7DB9120F-FB7F-4978-8E68-C0FD24453EEC}.Release|x86.ActiveCfg = Release|x86
		{7DB9120F-FB7F-4978-8E68-C0FD24453EEC}.Release|x86.Build.0 = Release|x86
		{3A5D130F-F686-4F61-A918-0BA20A9E08CF}.Debug|Any CPU.ActiveCfg = Debug|Any CPU
		{3A5D130F-F686-4F61-A918-0BA20A9E08CF}.Debug|Any CPU.Build.0 = Debug|Any CPU
		{3A5D130F-F686-4F61-A918-0BA20A9E08CF}.Debug|x64.ActiveCfg = Debug|x64
		{3A5D130F-F686-4F61-A918-0BA20A9E08CF}.Debug|x64.Build.0 = Debug|x64
		{3A5D130F-F686-4F61-A918-0BA20A9E08CF}.Debug|x86.ActiveCfg = Debug|x86
		{3A5D130F-F686-4F61-A918-0BA20A9E08CF}.Debug|x86.Build.0 = Debug|x86
		{3A5D130F-F686-4F61-A918-0BA20A9E08CF}.Release|Any CPU.ActiveCfg = Release|Any CPU
		{3A5D130F-F686-4F61-A918-0BA20A9E08CF}.Release|Any CPU.Build.0 = Release|Any CPU
		{3A5D130F-F686-4F61-A918-0BA20A9E08CF}.Release|x64.ActiveCfg = Release|x64
		{3A5D130F-F686-4F61-A918-0BA20A9E08CF}.Release|x64.Build.0 = Release|x64
		{3A5D130F-F686-4F61-A918-0BA20A9E08CF}.Release|x86.ActiveCfg = Release|x86
		{3A5D130F-F686-4F61-A918-0BA20A9E08CF}.Release|x86.Build.0 = Release|x86
		{9C7102A3-496A-4E27-B337-285FEF0FC1BC}.Debug|Any CPU.ActiveCfg = Debug|Any CPU
		{9C7102A3-496A-4E27-B337-285FEF0FC1BC}.Debug|Any CPU.Build.0 = Debug|Any CPU
		{9C7102A3-496A-4E27-B337-285FEF0FC1BC}.Debug|x64.ActiveCfg = Debug|x64
		{9C7102A3-496A-4E27-B337-285FEF0FC1BC}.Debug|x64.Build.0 = Debug|x64
		{9C7102A3-496A-4E27-B337-285FEF0FC1BC}.Debug|x86.ActiveCfg = Debug|x86
		{9C7102A3-496A-4E27-B337-285FEF0FC1BC}.Debug|x86.Build.0 = Debug|x86
		{9C7102A3-496A-4E27-B337-285FEF0FC1BC}.Release|Any CPU.ActiveCfg = Release|Any CPU
		{9C7102A3-496A-4E27-B337-285FEF0FC1BC}.Release|Any CPU.Build.0 = Release|Any CPU
		{9C7102A3-496A-4E27-B337-285FEF0FC1BC}.Release|x64.ActiveCfg = Release|x64
		{9C7102A3-496A-4E27-B337-285FEF0FC1BC}.Release|x64.Build.0 = Release|x64
		{9C7102A3-496A-4E27-B337-285FEF0FC1BC}.Release|x86.ActiveCfg = Release|x86
		{9C7102A3-496A-4E27-B337-285FEF0FC1BC}.Release|x86.Build.0 = Release|x86
		{4137C85C-F3D0-4B53-BDF3-2B884B8881CF}.Debug|Any CPU.ActiveCfg = Debug|Any CPU
		{4137C85C-F3D0-4B53-BDF3-2B884B8881CF}.Debug|Any CPU.Build.0 = Debug|Any CPU
		{4137C85C-F3D0-4B53-BDF3-2B884B8881CF}.Debug|x64.ActiveCfg = Debug|x64
		{4137C85C-F3D0-4B53-BDF3-2B884B8881CF}.Debug|x64.Build.0 = Debug|x64
		{4137C85C-F3D0-4B53-BDF3-2B884B8881CF}.Debug|x86.ActiveCfg = Debug|x86
		{4137C85C-F3D0-4B53-BDF3-2B884B8881CF}.Debug|x86.Build.0 = Debug|x86
		{4137C85C-F3D0-4B53-BDF3-2B884B8881CF}.Release|Any CPU.ActiveCfg = Release|Any CPU
		{4137C85C-F3D0-4B53-BDF3-2B884B8881CF}.Release|Any CPU.Build.0 = Release|Any CPU
		{4137C85C-F3D0-4B53-BDF3-2B884B8881CF}.Release|x64.ActiveCfg = Release|x64
		{4137C85C-F3D0-4B53-BDF3-2B884B8881CF}.Release|x64.Build.0 = Release|x64
		{4137C85C-F3D0-4B53-BDF3-2B884B8881CF}.Release|x86.ActiveCfg = Release|x86
		{4137C85C-F3D0-4B53-BDF3-2B884B8881CF}.Release|x86.Build.0 = Release|x86
		{1A3D8008-4C8B-423D-8103-DA4B663AE93E}.Debug|Any CPU.ActiveCfg = Debug|Any CPU
		{1A3D8008-4C8B-423D-8103-DA4B663AE93E}.Debug|Any CPU.Build.0 = Debug|Any CPU
		{1A3D8008-4C8B-423D-8103-DA4B663AE93E}.Debug|x64.ActiveCfg = Debug|x64
		{1A3D8008-4C8B-423D-8103-DA4B663AE93E}.Debug|x64.Build.0 = Debug|x64
		{1A3D8008-4C8B-423D-8103-DA4B663AE93E}.Debug|x86.ActiveCfg = Debug|x86
		{1A3D8008-4C8B-423D-8103-DA4B663AE93E}.Debug|x86.Build.0 = Debug|x86
		{1A3D8008-4C8B-423D-8103-DA4B663AE93E}.Release|Any CPU.ActiveCfg = Release|Any CPU
		{1A3D8008-4C8B-423D-8103-DA4B663AE93E}.Release|Any CPU.Build.0 = Release|Any CPU
		{1A3D8008-4C8B-423D-8103-DA4B663AE93E}.Release|x64.ActiveCfg = Release|x64
		{1A3D8008-4C8B-423D-8103-DA4B663AE93E}.Release|x64.Build.0 = Release|x64
		{1A3D8008-4C8B-423D-8103-DA4B663AE93E}.Release|x86.ActiveCfg = Release|x86
		{1A3D8008-4C8B-423D-8103-DA4B663AE93E}.Release|x86.Build.0 = Release|x86
		{386D06DD-94E0-4C60-9004-89E31D502447}.Debug|Any CPU.ActiveCfg = Debug|Any CPU
		{386D06DD-94E0-4C60-9004-89E31D502447}.Debug|Any CPU.Build.0 = Debug|Any CPU
		{386D06DD-94E0-4C60-9004-89E31D502447}.Debug|x64.ActiveCfg = Debug|x64
		{386D06DD-94E0-4C60-9004-89E31D502447}.Debug|x64.Build.0 = Debug|x64
		{386D06DD-94E0-4C60-9004-89E31D502447}.Debug|x86.ActiveCfg = Debug|x86
		{386D06DD-94E0-4C60-9004-89E31D502447}.Debug|x86.Build.0 = Debug|x86
		{386D06DD-94E0-4C60-9004-89E31D502447}.Release|Any CPU.ActiveCfg = Release|Any CPU
		{386D06DD-94E0-4C60-9004-89E31D502447}.Release|Any CPU.Build.0 = Release|Any CPU
		{386D06DD-94E0-4C60-9004-89E31D502447}.Release|x64.ActiveCfg = Release|x64
		{386D06DD-94E0-4C60-9004-89E31D502447}.Release|x64.Build.0 = Release|x64
		{386D06DD-94E0-4C60-9004-89E31D502447}.Release|x86.ActiveCfg = Release|x86
		{386D06DD-94E0-4C60-9004-89E31D502447}.Release|x86.Build.0 = Release|x86
		{2EB490B5-1A88-47AC-875E-04075DADC72B}.Debug|Any CPU.ActiveCfg = Debug|Any CPU
		{2EB490B5-1A88-47AC-875E-04075DADC72B}.Debug|Any CPU.Build.0 = Debug|Any CPU
		{2EB490B5-1A88-47AC-875E-04075DADC72B}.Debug|x64.ActiveCfg = Debug|x64
		{2EB490B5-1A88-47AC-875E-04075DADC72B}.Debug|x64.Build.0 = Debug|x64
		{2EB490B5-1A88-47AC-875E-04075DADC72B}.Debug|x86.ActiveCfg = Debug|x86
		{2EB490B5-1A88-47AC-875E-04075DADC72B}.Debug|x86.Build.0 = Debug|x86
		{2EB490B5-1A88-47AC-875E-04075DADC72B}.Release|Any CPU.ActiveCfg = Release|Any CPU
		{2EB490B5-1A88-47AC-875E-04075DADC72B}.Release|Any CPU.Build.0 = Release|Any CPU
		{2EB490B5-1A88-47AC-875E-04075DADC72B}.Release|x64.ActiveCfg = Release|x64
		{2EB490B5-1A88-47AC-875E-04075DADC72B}.Release|x64.Build.0 = Release|x64
		{2EB490B5-1A88-47AC-875E-04075DADC72B}.Release|x86.ActiveCfg = Release|x86
		{2EB490B5-1A88-47AC-875E-04075DADC72B}.Release|x86.Build.0 = Release|x86
		{12276277-713A-41EC-858F-EC269876BA3B}.Debug|Any CPU.ActiveCfg = Debug|Any CPU
		{12276277-713A-41EC-858F-EC269876BA3B}.Debug|Any CPU.Build.0 = Debug|Any CPU
		{12276277-713A-41EC-858F-EC269876BA3B}.Debug|x64.ActiveCfg = Debug|x64
		{12276277-713A-41EC-858F-EC269876BA3B}.Debug|x64.Build.0 = Debug|x64
		{12276277-713A-41EC-858F-EC269876BA3B}.Debug|x86.ActiveCfg = Debug|x86
		{12276277-713A-41EC-858F-EC269876BA3B}.Debug|x86.Build.0 = Debug|x86
		{12276277-713A-41EC-858F-EC269876BA3B}.Release|Any CPU.ActiveCfg = Release|Any CPU
		{12276277-713A-41EC-858F-EC269876BA3B}.Release|Any CPU.Build.0 = Release|Any CPU
		{12276277-713A-41EC-858F-EC269876BA3B}.Release|x64.ActiveCfg = Release|x64
		{12276277-713A-41EC-858F-EC269876BA3B}.Release|x64.Build.0 = Release|x64
		{12276277-713A-41EC-858F-EC269876BA3B}.Release|x86.ActiveCfg = Release|x86
		{12276277-713A-41EC-858F-EC269876BA3B}.Release|x86.Build.0 = Release|x86
		{1FDEDCD7-219E-4D50-B7DE-E5659A287DFC}.Debug|Any CPU.ActiveCfg = Debug|Any CPU
		{1FDEDCD7-219E-4D50-B7DE-E5659A287DFC}.Debug|Any CPU.Build.0 = Debug|Any CPU
		{1FDEDCD7-219E-4D50-B7DE-E5659A287DFC}.Debug|x64.ActiveCfg = Debug|x64
		{1FDEDCD7-219E-4D50-B7DE-E5659A287DFC}.Debug|x64.Build.0 = Debug|x64
		{1FDEDCD7-219E-4D50-B7DE-E5659A287DFC}.Debug|x86.ActiveCfg = Debug|x86
		{1FDEDCD7-219E-4D50-B7DE-E5659A287DFC}.Debug|x86.Build.0 = Debug|x86
		{1FDEDCD7-219E-4D50-B7DE-E5659A287DFC}.Release|Any CPU.ActiveCfg = Release|Any CPU
		{1FDEDCD7-219E-4D50-B7DE-E5659A287DFC}.Release|Any CPU.Build.0 = Release|Any CPU
		{1FDEDCD7-219E-4D50-B7DE-E5659A287DFC}.Release|x64.ActiveCfg = Release|x64
		{1FDEDCD7-219E-4D50-B7DE-E5659A287DFC}.Release|x64.Build.0 = Release|x64
		{1FDEDCD7-219E-4D50-B7DE-E5659A287DFC}.Release|x86.ActiveCfg = Release|x86
		{1FDEDCD7-219E-4D50-B7DE-E5659A287DFC}.Release|x86.Build.0 = Release|x86
	EndGlobalSection
	GlobalSection(NestedProjects) = preSolution
		{7DB9120F-FB7F-4978-8E68-C0FD24453EEC} = {815AA376-59E6-4440-868B-22143991B2ED}
		{3A5D130F-F686-4F61-A918-0BA20A9E08CF} = {815AA376-59E6-4440-868B-22143991B2ED}
		{9C7102A3-496A-4E27-B337-285FEF0FC1BC} = {815AA376-59E6-4440-868B-22143991B2ED}
		{4137C85C-F3D0-4B53-BDF3-2B884B8881CF} = {815AA376-59E6-4440-868B-22143991B2ED}
		{1A3D8008-4C8B-423D-8103-DA4B663AE93E} = {815AA376-59E6-4440-868B-22143991B2ED}
		{386D06DD-94E0-4C60-9004-89E31D502447} = {28A3A8AB-C408-4E45-94C1-73F96DA615DA}
		{2EB490B5-1A88-47AC-875E-04075DADC72B} = {28A3A8AB-C408-4E45-94C1-73F96DA615DA}
		{12276277-713A-41EC-858F-EC269876BA3B} = {28A3A8AB-C408-4E45-94C1-73F96DA615DA}
		{1FDEDCD7-219E-4D50-B7DE-E5659A287DFC} = {28A3A8AB-C408-4E45-94C1-73F96DA615DA}
	EndGlobalSection
EndGlobal
